
Microsoft Visual Studio Solution File, Format Version 12.00
Project("{FAE04EC0-301F-11D3-BF4B-00C04F79EFBC}") = "guiLib", "guiLib\guiLib.csproj", "{C0D01B18-C62B-4788-A5BF-50055F1561FD}"
EndProject
Global
	GlobalSection(SolutionConfigurationPlatforms) = preSolution
		Debug|Any CPU = Debug|Any CPU
		Release|Any CPU = Release|Any CPU
	EndGlobalSection
	GlobalSection(ProjectConfigurationPlatforms) = postSolution
		{C0D01B18-C62B-4788-A5BF-50055F1561FD}.Debug|Any CPU.ActiveCfg = Debug|Any CPU
		{C0D01B18-C62B-4788-A5BF-50055F1561FD}.Debug|Any CPU.Build.0 = Debug|Any CPU
		{C0D01B18-C62B-4788-A5BF-50055F1561FD}.Release|Any CPU.ActiveCfg = Release|Any CPU
		{C0D01B18-C62B-4788-A5BF-50055F1561FD}.Release|Any CPU.Build.0 = Release|Any CPU
	EndGlobalSection
EndGlobal
